
Microsoft Visual Studio Solution File, Format Version 12.00
# Visual Studio Version 17
VisualStudioVersion = 17.7.34031.279
MinimumVisualStudioVersion = 10.0.40219.1
Project("{FAE04EC0-301F-11D3-BF4B-00C04F79EFBC}") = "Delegate.Api", "Delegate.Api\Delegate.Api.csproj", "{EDAD0B79-A861-4988-85F7-6B152126C841}"
EndProject
Project("{FAE04EC0-301F-11D3-BF4B-00C04F79EFBC}") = "Delegate.Console", "Delegate.Console\Delegate.Console.csproj", "{18C53A0E-4A06-483A-859C-4CD42D84C175}"
EndProject
Global
	GlobalSection(SolutionConfigurationPlatforms) = preSolution
		Debug|Any CPU = Debug|Any CPU
		Release|Any CPU = Release|Any CPU
	EndGlobalSection
	GlobalSection(ProjectConfigurationPlatforms) = postSolution
		{EDAD0B79-A861-4988-85F7-6B152126C841}.Debug|Any CPU.ActiveCfg = Debug|Any CPU
		{EDAD0B79-A861-4988-85F7-6B152126C841}.Debug|Any CPU.Build.0 = Debug|Any CPU
		{EDAD0B79-A861-4988-85F7-6B152126C841}.Release|Any CPU.ActiveCfg = Release|Any CPU
		{EDAD0B79-A861-4988-85F7-6B152126C841}.Release|Any CPU.Build.0 = Release|Any CPU
		{18C53A0E-4A06-483A-859C-4CD42D84C175}.Debug|Any CPU.ActiveCfg = Debug|Any CPU
		{18C53A0E-4A06-483A-859C-4CD42D84C175}.Debug|Any CPU.Build.0 = Debug|Any CPU
		{18C53A0E-4A06-483A-859C-4CD42D84C175}.Release|Any CPU.ActiveCfg = Release|Any CPU
		{18C53A0E-4A06-483A-859C-4CD42D84C175}.Release|Any CPU.Build.0 = Release|Any CPU
	EndGlobalSection
	GlobalSection(SolutionProperties) = preSolution
		HideSolutionNode = FALSE
	EndGlobalSection
	GlobalSection(ExtensibilityGlobals) = postSolution
		SolutionGuid = {50ABD912-E601-4E89-850F-FBB06B878A1F}
	EndGlobalSection
EndGlobal
